
Microsoft Visual Studio Solution File, Format Version 12.00
# Visual Studio 15
VisualStudioVersion = 15.0.28307.329
MinimumVisualStudioVersion = 10.0.40219.1
Project("{FAE04EC0-301F-11D3-BF4B-00C04F79EFBC}") = "EFaturaApp", "EFaturaApp\EFaturaApp.csproj", "{9F6E2E51-E3AF-4966-8195-67911A05DA9C}"
EndProject
Project("{FAE04EC0-301F-11D3-BF4B-00C04F79EFBC}") = "EfatWebservis", "..\EfatWebservisCanli\EfatWebservis\EfatWebservis.csproj", "{5AA6A207-F9FE-47F8-8D31-B60BE1EAC36C}"
EndProject
Project("{FAE04EC0-301F-11D3-BF4B-00C04F79EFBC}") = "EntFMSystem", "EntFMSystem\EntFMSystem.csproj", "{3A467A9D-3A64-41AF-9021-03C3B003BAF7}"
EndProject
Global
	GlobalSection(SolutionConfigurationPlatforms) = preSolution
		Debug|Any CPU = Debug|Any CPU
		Release|Any CPU = Release|Any CPU
	EndGlobalSection
	GlobalSection(ProjectConfigurationPlatforms) = postSolution
		{9F6E2E51-E3AF-4966-8195-67911A05DA9C}.Debug|Any CPU.ActiveCfg = Debug|Any CPU
		{9F6E2E51-E3AF-4966-8195-67911A05DA9C}.Debug|Any CPU.Build.0 = Debug|Any CPU
		{9F6E2E51-E3AF-4966-8195-67911A05DA9C}.Release|Any CPU.ActiveCfg = Release|Any CPU
		{9F6E2E51-E3AF-4966-8195-67911A05DA9C}.Release|Any CPU.Build.0 = Release|Any CPU
		{5AA6A207-F9FE-47F8-8D31-B60BE1EAC36C}.Debug|Any CPU.ActiveCfg = Debug|Any CPU
		{5AA6A207-F9FE-47F8-8D31-B60BE1EAC36C}.Debug|Any CPU.Build.0 = Debug|Any CPU
		{5AA6A207-F9FE-47F8-8D31-B60BE1EAC36C}.Release|Any CPU.ActiveCfg = Release|Any CPU
		{5AA6A207-F9FE-47F8-8D31-B60BE1EAC36C}.Release|Any CPU.Build.0 = Release|Any CPU
		{3A467A9D-3A64-41AF-9021-03C3B003BAF7}.Debug|Any CPU.ActiveCfg = Debug|Any CPU
		{3A467A9D-3A64-41AF-9021-03C3B003BAF7}.Debug|Any CPU.Build.0 = Debug|Any CPU
		{3A467A9D-3A64-41AF-9021-03C3B003BAF7}.Release|Any CPU.ActiveCfg = Release|Any CPU
		{3A467A9D-3A64-41AF-9021-03C3B003BAF7}.Release|Any CPU.Build.0 = Release|Any CPU
	EndGlobalSection
	GlobalSection(SolutionProperties) = preSolution
		HideSolutionNode = FALSE
	EndGlobalSection
	GlobalSection(ExtensibilityGlobals) = postSolution
		SolutionGuid = {31C94184-24F1-49B3-96B6-F48D4F2178B8}
	EndGlobalSection
EndGlobal
